<?xml version="1.0" encoding="utf-8"?>
<Project ToolsVersion="17.0" xmlns="http://schemas.microsoft.com/developer/msbuild/2003">
  <ItemGroup>
    <ClCompile Include="D:\Final Project\arx-platform-v2.0\arx-platform\vision\gesture_engine\gesture_engine.cpp">
      <Filter>Source Files</Filter>
    </ClCompile>
    <ClCompile Include="D:\Final Project\arx-platform-v2.0\arx-platform\vision\smoothing\landmark_smoother.cpp">
      <Filter>Source Files</Filter>
    </ClCompile>
    <ClCompile Include="D:\Final Project\arx-platform-v2.0\arx-platform\vision\smoothing\one_euro_filter.cpp">
      <Filter>Source Files</Filter>
    </ClCompile>
    <ClCompile Include="D:\Final Project\arx-platform-v2.0\arx-platform\vision\gesture_engine\gesture_classifier.cpp">
      <Filter>Source Files</Filter>
    </ClCompile>
    <ClCompile Include="D:\Final Project\arx-platform-v2.0\arx-platform\vision\spatial_analysis\spatial_interaction_engine.cpp">
      <Filter>Source Files</Filter>
    </ClCompile>
  </ItemGroup>
  <ItemGroup>
    <CustomBuild Include="D:\Final Project\arx-platform-v2.0\arx-platform\CMakeLists.txt" />
  </ItemGroup>
  <ItemGroup>
    <Filter Include="Source Files">
      <UniqueIdentifier>{2738E5FC-66E5-3F51-8B44-74B16BD8C3DB}</UniqueIdentifier>
    </Filter>
  </ItemGroup>
</Project>
