
Microsoft Visual Studio Solution File, Format Version 12.00
# Visual Studio Version 17
Project("{8BC9CEB8-8B4A-11D0-8D11-00A0C91BC942}") = "ALL_BUILD", "ALL_BUILD.vcxproj", "{D19F5479-7B30-3503-AF52-5AC5483446D6}"
	ProjectSection(ProjectDependencies) = postProject
		{FBEAC19C-2A62-391C-B206-39995E017BC5} = {FBEAC19C-2A62-391C-B206-39995E017BC5}
		{9163ED53-A392-3944-8278-F9D5B1C3FF9A} = {9163ED53-A392-3944-8278-F9D5B1C3FF9A}
		{8EFFA381-7E32-3AED-9E7B-EE4D7DB215CC} = {8EFFA381-7E32-3AED-9E7B-EE4D7DB215CC}
		{68F99829-16B1-3CAC-B2A7-239DA31EDB2B} = {68F99829-16B1-3CAC-B2A7-239DA31EDB2B}
		{854D331C-A68C-3218-8A62-64D15F45BBE5} = {854D331C-A68C-3218-8A62-64D15F45BBE5}
		{6A3CEE6A-7574-30CE-A68B-673342593016} = {6A3CEE6A-7574-30CE-A68B-673342593016}
		{7089547B-FE44-343D-BEAC-EC80E5BBC1BD} = {7089547B-FE44-343D-BEAC-EC80E5BBC1BD}
		{3ED34A2D-5AAE-3265-AF21-15C49EF6313B} = {3ED34A2D-5AAE-3265-AF21-15C49EF6313B}
		{4010E974-41F2-361D-9E27-C11FDB7C5605} = {4010E974-41F2-361D-9E27-C11FDB7C5605}
		{D6490A88-F5BE-36CF-ACDE-1A8D0B732B30} = {D6490A88-F5BE-36CF-ACDE-1A8D0B732B30}
		{AAA5EBD6-C332-3BD5-8C50-74AB08E57CBB} = {AAA5EBD6-C332-3BD5-8C50-74AB08E57CBB}
		{996F8014-C927-392E-8F8B-9454A88C0C26} = {996F8014-C927-392E-8F8B-9454A88C0C26}
		{41AD556B-2BD1-3795-A7FA-C8FC9294DD55} = {41AD556B-2BD1-3795-A7FA-C8FC9294DD55}
	EndProjectSection
EndProject
Project("{8BC9CEB8-8B4A-11D0-8D11-00A0C91BC942}") = "RUN_TESTS", "RUN_TESTS.vcxproj", "{5FE55BFD-8043-3A07-BB63-091E885A2E8F}"
	ProjectSection(ProjectDependencies) = postProject
		{FBEAC19C-2A62-391C-B206-39995E017BC5} = {FBEAC19C-2A62-391C-B206-39995E017BC5}
	EndProjectSection
EndProject
Project("{8BC9CEB8-8B4A-11D0-8D11-00A0C91BC942}") = "ZERO_CHECK", "ZERO_CHECK.vcxproj", "{FBEAC19C-2A62-391C-B206-39995E017BC5}"
	ProjectSection(ProjectDependencies) = postProject
	EndProjectSection
EndProject
Project("{8BC9CEB8-8B4A-11D0-8D11-00A0C91BC942}") = "arx_ar", "arx_ar.vcxproj", "{9163ED53-A392-3944-8278-F9D5B1C3FF9A}"
	ProjectSection(ProjectDependencies) = postProject
		{FBEAC19C-2A62-391C-B206-39995E017BC5} = {FBEAC19C-2A62-391C-B206-39995E017BC5}
		{8EFFA381-7E32-3AED-9E7B-EE4D7DB215CC} = {8EFFA381-7E32-3AED-9E7B-EE4D7DB215CC}
		{41AD556B-2BD1-3795-A7FA-C8FC9294DD55} = {41AD556B-2BD1-3795-A7FA-C8FC9294DD55}
	EndProjectSection
EndProject
Project("{8BC9CEB8-8B4A-11D0-8D11-00A0C91BC942}") = "arx_engine", "arx_engine.vcxproj", "{8EFFA381-7E32-3AED-9E7B-EE4D7DB215CC}"
	ProjectSection(ProjectDependencies) = postProject
		{FBEAC19C-2A62-391C-B206-39995E017BC5} = {FBEAC19C-2A62-391C-B206-39995E017BC5}
	EndProjectSection
EndProject
Project("{8BC9CEB8-8B4A-11D0-8D11-00A0C91BC942}") = "arx_replay", "arx_replay.vcxproj", "{68F99829-16B1-3CAC-B2A7-239DA31EDB2B}"
	ProjectSection(ProjectDependencies) = postProject
		{FBEAC19C-2A62-391C-B206-39995E017BC5} = {FBEAC19C-2A62-391C-B206-39995E017BC5}
		{9163ED53-A392-3944-8278-F9D5B1C3FF9A} = {9163ED53-A392-3944-8278-F9D5B1C3FF9A}
		{8EFFA381-7E32-3AED-9E7B-EE4D7DB215CC} = {8EFFA381-7E32-3AED-9E7B-EE4D7DB215CC}
		{41AD556B-2BD1-3795-A7FA-C8FC9294DD55} = {41AD556B-2BD1-3795-A7FA-C8FC9294DD55}
	EndProjectSection
EndProject
Project("{8BC9CEB8-8B4A-11D0-8D11-00A0C91BC942}") = "arx_runtime", "arx_runtime.vcxproj", "{854D331C-A68C-3218-8A62-64D15F45BBE5}"
	ProjectSection(ProjectDependencies) = postProject
		{FBEAC19C-2A62-391C-B206-39995E017BC5} = {FBEAC19C-2A62-391C-B206-39995E017BC5}
		{9163ED53-A392-3944-8278-F9D5B1C3FF9A} = {9163ED53-A392-3944-8278-F9D5B1C3FF9A}
		{8EFFA381-7E32-3AED-9E7B-EE4D7DB215CC} = {8EFFA381-7E32-3AED-9E7B-EE4D7DB215CC}
		{68F99829-16B1-3CAC-B2A7-239DA31EDB2B} = {68F99829-16B1-3CAC-B2A7-239DA31EDB2B}
		{41AD556B-2BD1-3795-A7FA-C8FC9294DD55} = {41AD556B-2BD1-3795-A7FA-C8FC9294DD55}
	EndProjectSection
EndProject
Project("{8BC9CEB8-8B4A-11D0-8D11-00A0C91BC942}") = "arx_test_cli", "arx_test_cli.vcxproj", "{6A3CEE6A-7574-30CE-A68B-673342593016}"
	ProjectSection(ProjectDependencies) = postProject
		{FBEAC19C-2A62-391C-B206-39995E017BC5} = {FBEAC19C-2A62-391C-B206-39995E017BC5}
		{8EFFA381-7E32-3AED-9E7B-EE4D7DB215CC} = {8EFFA381-7E32-3AED-9E7B-EE4D7DB215CC}
	EndProjectSection
EndProject
Project("{8BC9CEB8-8B4A-11D0-8D11-00A0C91BC942}") = "arx_test_filters", "arx_test_filters.vcxproj", "{7089547B-FE44-343D-BEAC-EC80E5BBC1BD}"
	ProjectSection(ProjectDependencies) = postProject
		{FBEAC19C-2A62-391C-B206-39995E017BC5} = {FBEAC19C-2A62-391C-B206-39995E017BC5}
		{8EFFA381-7E32-3AED-9E7B-EE4D7DB215CC} = {8EFFA381-7E32-3AED-9E7B-EE4D7DB215CC}
		{41AD556B-2BD1-3795-A7FA-C8FC9294DD55} = {41AD556B-2BD1-3795-A7FA-C8FC9294DD55}
	EndProjectSection
EndProject
Project("{8BC9CEB8-8B4A-11D0-8D11-00A0C91BC942}") = "arx_test_gestures", "arx_test_gestures.vcxproj", "{3ED34A2D-5AAE-3265-AF21-15C49EF6313B}"
	ProjectSection(ProjectDependencies) = postProject
		{FBEAC19C-2A62-391C-B206-39995E017BC5} = {FBEAC19C-2A62-391C-B206-39995E017BC5}
		{8EFFA381-7E32-3AED-9E7B-EE4D7DB215CC} = {8EFFA381-7E32-3AED-9E7B-EE4D7DB215CC}
		{41AD556B-2BD1-3795-A7FA-C8FC9294DD55} = {41AD556B-2BD1-3795-A7FA-C8FC9294DD55}
	EndProjectSection
EndProject
Project("{8BC9CEB8-8B4A-11D0-8D11-00A0C91BC942}") = "arx_test_replay", "arx_test_replay.vcxproj", "{4010E974-41F2-361D-9E27-C11FDB7C5605}"
	ProjectSection(ProjectDependencies) = postProject
		{FBEAC19C-2A62-391C-B206-39995E017BC5} = {FBEAC19C-2A62-391C-B206-39995E017BC5}
		{9163ED53-A392-3944-8278-F9D5B1C3FF9A} = {9163ED53-A392-3944-8278-F9D5B1C3FF9A}
		{8EFFA381-7E32-3AED-9E7B-EE4D7DB215CC} = {8EFFA381-7E32-3AED-9E7B-EE4D7DB215CC}
		{68F99829-16B1-3CAC-B2A7-239DA31EDB2B} = {68F99829-16B1-3CAC-B2A7-239DA31EDB2B}
		{41AD556B-2BD1-3795-A7FA-C8FC9294DD55} = {41AD556B-2BD1-3795-A7FA-C8FC9294DD55}
	EndProjectSection
EndProject
Project("{8BC9CEB8-8B4A-11D0-8D11-00A0C91BC942}") = "arx_test_runtime", "arx_test_runtime.vcxproj", "{D6490A88-F5BE-36CF-ACDE-1A8D0B732B30}"
	ProjectSection(ProjectDependencies) = postProject
		{FBEAC19C-2A62-391C-B206-39995E017BC5} = {FBEAC19C-2A62-391C-B206-39995E017BC5}
		{8EFFA381-7E32-3AED-9E7B-EE4D7DB215CC} = {8EFFA381-7E32-3AED-9E7B-EE4D7DB215CC}
	EndProjectSection
EndProject
Project("{8BC9CEB8-8B4A-11D0-8D11-00A0C91BC942}") = "arx_test_tracking_setup", "arx_test_tracking_setup.vcxproj", "{AAA5EBD6-C332-3BD5-8C50-74AB08E57CBB}"
	ProjectSection(ProjectDependencies) = postProject
		{FBEAC19C-2A62-391C-B206-39995E017BC5} = {FBEAC19C-2A62-391C-B206-39995E017BC5}
		{8EFFA381-7E32-3AED-9E7B-EE4D7DB215CC} = {8EFFA381-7E32-3AED-9E7B-EE4D7DB215CC}
	EndProjectSection
EndProject
Project("{8BC9CEB8-8B4A-11D0-8D11-00A0C91BC942}") = "arx_test_transport", "arx_test_transport.vcxproj", "{996F8014-C927-392E-8F8B-9454A88C0C26}"
	ProjectSection(ProjectDependencies) = postProject
		{FBEAC19C-2A62-391C-B206-39995E017BC5} = {FBEAC19C-2A62-391C-B206-39995E017BC5}
		{8EFFA381-7E32-3AED-9E7B-EE4D7DB215CC} = {8EFFA381-7E32-3AED-9E7B-EE4D7DB215CC}
	EndProjectSection
EndProject
Project("{8BC9CEB8-8B4A-11D0-8D11-00A0C91BC942}") = "arx_vision", "arx_vision.vcxproj", "{41AD556B-2BD1-3795-A7FA-C8FC9294DD55}"
	ProjectSection(ProjectDependencies) = postProject
		{FBEAC19C-2A62-391C-B206-39995E017BC5} = {FBEAC19C-2A62-391C-B206-39995E017BC5}
		{8EFFA381-7E32-3AED-9E7B-EE4D7DB215CC} = {8EFFA381-7E32-3AED-9E7B-EE4D7DB215CC}
	EndProjectSection
EndProject
Global
	GlobalSection(SolutionConfigurationPlatforms) = preSolution
		Debug|x64 = Debug|x64
		Release|x64 = Release|x64
		MinSizeRel|x64 = MinSizeRel|x64
		RelWithDebInfo|x64 = RelWithDebInfo|x64
	EndGlobalSection
	GlobalSection(ProjectConfigurationPlatforms) = postSolution
		{D19F5479-7B30-3503-AF52-5AC5483446D6}.Debug|x64.ActiveCfg = Debug|x64
		{D19F5479-7B30-3503-AF52-5AC5483446D6}.Release|x64.ActiveCfg = Release|x64
		{D19F5479-7B30-3503-AF52-5AC5483446D6}.MinSizeRel|x64.ActiveCfg = MinSizeRel|x64
		{D19F5479-7B30-3503-AF52-5AC5483446D6}.RelWithDebInfo|x64.ActiveCfg = RelWithDebInfo|x64
		{5FE55BFD-8043-3A07-BB63-091E885A2E8F}.Debug|x64.ActiveCfg = Debug|x64
		{5FE55BFD-8043-3A07-BB63-091E885A2E8F}.Release|x64.ActiveCfg = Release|x64
		{5FE55BFD-8043-3A07-BB63-091E885A2E8F}.MinSizeRel|x64.ActiveCfg = MinSizeRel|x64
		{5FE55BFD-8043-3A07-BB63-091E885A2E8F}.RelWithDebInfo|x64.ActiveCfg = RelWithDebInfo|x64
		{FBEAC19C-2A62-391C-B206-39995E017BC5}.Debug|x64.ActiveCfg = Debug|x64
		{FBEAC19C-2A62-391C-B206-39995E017BC5}.Debug|x64.Build.0 = Debug|x64
		{FBEAC19C-2A62-391C-B206-39995E017BC5}.Release|x64.ActiveCfg = Release|x64
		{FBEAC19C-2A62-391C-B206-39995E017BC5}.Release|x64.Build.0 = Release|x64
		{FBEAC19C-2A62-391C-B206-39995E017BC5}.MinSizeRel|x64.ActiveCfg = MinSizeRel|x64
		{FBEAC19C-2A62-391C-B206-39995E017BC5}.MinSizeRel|x64.Build.0 = MinSizeRel|x64
		{FBEAC19C-2A62-391C-B206-39995E017BC5}.RelWithDebInfo|x64.ActiveCfg = RelWithDebInfo|x64
		{FBEAC19C-2A62-391C-B206-39995E017BC5}.RelWithDebInfo|x64.Build.0 = RelWithDebInfo|x64
		{9163ED53-A392-3944-8278-F9D5B1C3FF9A}.Debug|x64.ActiveCfg = Debug|x64
		{9163ED53-A392-3944-8278-F9D5B1C3FF9A}.Debug|x64.Build.0 = Debug|x64
		{9163ED53-A392-3944-8278-F9D5B1C3FF9A}.Release|x64.ActiveCfg = Release|x64
		{9163ED53-A392-3944-8278-F9D5B1C3FF9A}.Release|x64.Build.0 = Release|x64
		{9163ED53-A392-3944-8278-F9D5B1C3FF9A}.MinSizeRel|x64.ActiveCfg = MinSizeRel|x64
		{9163ED53-A392-3944-8278-F9D5B1C3FF9A}.MinSizeRel|x64.Build.0 = MinSizeRel|x64
		{9163ED53-A392-3944-8278-F9D5B1C3FF9A}.RelWithDebInfo|x64.ActiveCfg = RelWithDebInfo|x64
		{9163ED53-A392-3944-8278-F9D5B1C3FF9A}.RelWithDebInfo|x64.Build.0 = RelWithDebInfo|x64
		{8EFFA381-7E32-3AED-9E7B-EE4D7DB215CC}.Debug|x64.ActiveCfg = Debug|x64
		{8EFFA381-7E32-3AED-9E7B-EE4D7DB215CC}.Debug|x64.Build.0 = Debug|x64
		{8EFFA381-7E32-3AED-9E7B-EE4D7DB215CC}.Release|x64.ActiveCfg = Release|x64
		{8EFFA381-7E32-3AED-9E7B-EE4D7DB215CC}.Release|x64.Build.0 = Release|x64
		{8EFFA381-7E32-3AED-9E7B-EE4D7DB215CC}.MinSizeRel|x64.ActiveCfg = MinSizeRel|x64
		{8EFFA381-7E32-3AED-9E7B-EE4D7DB215CC}.MinSizeRel|x64.Build.0 = MinSizeRel|x64
		{8EFFA381-7E32-3AED-9E7B-EE4D7DB215CC}.RelWithDebInfo|x64.ActiveCfg = RelWithDebInfo|x64
		{8EFFA381-7E32-3AED-9E7B-EE4D7DB215CC}.RelWithDebInfo|x64.Build.0 = RelWithDebInfo|x64
		{68F99829-16B1-3CAC-B2A7-239DA31EDB2B}.Debug|x64.ActiveCfg = Debug|x64
		{68F99829-16B1-3CAC-B2A7-239DA31EDB2B}.Debug|x64.Build.0 = Debug|x64
		{68F99829-16B1-3CAC-B2A7-239DA31EDB2B}.Release|x64.ActiveCfg = Release|x64
		{68F99829-16B1-3CAC-B2A7-239DA31EDB2B}.Release|x64.Build.0 = Release|x64
		{68F99829-16B1-3CAC-B2A7-239DA31EDB2B}.MinSizeRel|x64.ActiveCfg = MinSizeRel|x64
		{68F99829-16B1-3CAC-B2A7-239DA31EDB2B}.MinSizeRel|x64.Build.0 = MinSizeRel|x64
		{68F99829-16B1-3CAC-B2A7-239DA31EDB2B}.RelWithDebInfo|x64.ActiveCfg = RelWithDebInfo|x64
		{68F99829-16B1-3CAC-B2A7-239DA31EDB2B}.RelWithDebInfo|x64.Build.0 = RelWithDebInfo|x64
		{854D331C-A68C-3218-8A62-64D15F45BBE5}.Debug|x64.ActiveCfg = Debug|x64
		{854D331C-A68C-3218-8A62-64D15F45BBE5}.Debug|x64.Build.0 = Debug|x64
		{854D331C-A68C-3218-8A62-64D15F45BBE5}.Release|x64.ActiveCfg = Release|x64
		{854D331C-A68C-3218-8A62-64D15F45BBE5}.Release|x64.Build.0 = Release|x64
		{854D331C-A68C-3218-8A62-64D15F45BBE5}.MinSizeRel|x64.ActiveCfg = MinSizeRel|x64
		{854D331C-A68C-3218-8A62-64D15F45BBE5}.MinSizeRel|x64.Build.0 = MinSizeRel|x64
		{854D331C-A68C-3218-8A62-64D15F45BBE5}.RelWithDebInfo|x64.ActiveCfg = RelWithDebInfo|x64
		{854D331C-A68C-3218-8A62-64D15F45BBE5}.RelWithDebInfo|x64.Build.0 = RelWithDebInfo|x64
		{6A3CEE6A-7574-30CE-A68B-673342593016}.Debug|x64.ActiveCfg = Debug|x64
		{6A3CEE6A-7574-30CE-A68B-673342593016}.Debug|x64.Build.0 = Debug|x64
		{6A3CEE6A-7574-30CE-A68B-673342593016}.Release|x64.ActiveCfg = Release|x64
		{6A3CEE6A-7574-30CE-A68B-673342593016}.Release|x64.Build.0 = Release|x64
		{6A3CEE6A-7574-30CE-A68B-673342593016}.MinSizeRel|x64.ActiveCfg = MinSizeRel|x64
		{6A3CEE6A-7574-30CE-A68B-673342593016}.MinSizeRel|x64.Build.0 = MinSizeRel|x64
		{6A3CEE6A-7574-30CE-A68B-673342593016}.RelWithDebInfo|x64.ActiveCfg = RelWithDebInfo|x64
		{6A3CEE6A-7574-30CE-A68B-673342593016}.RelWithDebInfo|x64.Build.0 = RelWithDebInfo|x64
		{7089547B-FE44-343D-BEAC-EC80E5BBC1BD}.Debug|x64.ActiveCfg = Debug|x64
		{7089547B-FE44-343D-BEAC-EC80E5BBC1BD}.Debug|x64.Build.0 = Debug|x64
		{7089547B-FE44-343D-BEAC-EC80E5BBC1BD}.Release|x64.ActiveCfg = Release|x64
		{7089547B-FE44-343D-BEAC-EC80E5BBC1BD}.Release|x64.Build.0 = Release|x64
		{7089547B-FE44-343D-BEAC-EC80E5BBC1BD}.MinSizeRel|x64.ActiveCfg = MinSizeRel|x64
		{7089547B-FE44-343D-BEAC-EC80E5BBC1BD}.MinSizeRel|x64.Build.0 = MinSizeRel|x64
		{7089547B-FE44-343D-BEAC-EC80E5BBC1BD}.RelWithDebInfo|x64.ActiveCfg = RelWithDebInfo|x64
		{7089547B-FE44-343D-BEAC-EC80E5BBC1BD}.RelWithDebInfo|x64.Build.0 = RelWithDebInfo|x64
		{3ED34A2D-5AAE-3265-AF21-15C49EF6313B}.Debug|x64.ActiveCfg = Debug|x64
		{3ED34A2D-5AAE-3265-AF21-15C49EF6313B}.Debug|x64.Build.0 = Debug|x64
		{3ED34A2D-5AAE-3265-AF21-15C49EF6313B}.Release|x64.ActiveCfg = Release|x64
		{3ED34A2D-5AAE-3265-AF21-15C49EF6313B}.Release|x64.Build.0 = Release|x64
		{3ED34A2D-5AAE-3265-AF21-15C49EF6313B}.MinSizeRel|x64.ActiveCfg = MinSizeRel|x64
		{3ED34A2D-5AAE-3265-AF21-15C49EF6313B}.MinSizeRel|x64.Build.0 = MinSizeRel|x64
		{3ED34A2D-5AAE-3265-AF21-15C49EF6313B}.RelWithDebInfo|x64.ActiveCfg = RelWithDebInfo|x64
		{3ED34A2D-5AAE-3265-AF21-15C49EF6313B}.RelWithDebInfo|x64.Build.0 = RelWithDebInfo|x64
		{4010E974-41F2-361D-9E27-C11FDB7C5605}.Debug|x64.ActiveCfg = Debug|x64
		{4010E974-41F2-361D-9E27-C11FDB7C5605}.Debug|x64.Build.0 = Debug|x64
		{4010E974-41F2-361D-9E27-C11FDB7C5605}.Release|x64.ActiveCfg = Release|x64
		{4010E974-41F2-361D-9E27-C11FDB7C5605}.Release|x64.Build.0 = Release|x64
		{4010E974-41F2-361D-9E27-C11FDB7C5605}.MinSizeRel|x64.ActiveCfg = MinSizeRel|x64
		{4010E974-41F2-361D-9E27-C11FDB7C5605}.MinSizeRel|x64.Build.0 = MinSizeRel|x64
		{4010E974-41F2-361D-9E27-C11FDB7C5605}.RelWithDebInfo|x64.ActiveCfg = RelWithDebInfo|x64
		{4010E974-41F2-361D-9E27-C11FDB7C5605}.RelWithDebInfo|x64.Build.0 = RelWithDebInfo|x64
		{D6490A88-F5BE-36CF-ACDE-1A8D0B732B30}.Debug|x64.ActiveCfg = Debug|x64
		{D6490A88-F5BE-36CF-ACDE-1A8D0B732B30}.Debug|x64.Build.0 = Debug|x64
		{D6490A88-F5BE-36CF-ACDE-1A8D0B732B30}.Release|x64.ActiveCfg = Release|x64
		{D6490A88-F5BE-36CF-ACDE-1A8D0B732B30}.Release|x64.Build.0 = Release|x64
		{D6490A88-F5BE-36CF-ACDE-1A8D0B732B30}.MinSizeRel|x64.ActiveCfg = MinSizeRel|x64
		{D6490A88-F5BE-36CF-ACDE-1A8D0B732B30}.MinSizeRel|x64.Build.0 = MinSizeRel|x64
		{D6490A88-F5BE-36CF-ACDE-1A8D0B732B30}.RelWithDebInfo|x64.ActiveCfg = RelWithDebInfo|x64
		{D6490A88-F5BE-36CF-ACDE-1A8D0B732B30}.RelWithDebInfo|x64.Build.0 = RelWithDebInfo|x64
		{AAA5EBD6-C332-3BD5-8C50-74AB08E57CBB}.Debug|x64.ActiveCfg = Debug|x64
		{AAA5EBD6-C332-3BD5-8C50-74AB08E57CBB}.Debug|x64.Build.0 = Debug|x64
		{AAA5EBD6-C332-3BD5-8C50-74AB08E57CBB}.Release|x64.ActiveCfg = Release|x64
		{AAA5EBD6-C332-3BD5-8C50-74AB08E57CBB}.Release|x64.Build.0 = Release|x64
		{AAA5EBD6-C332-3BD5-8C50-74AB08E57CBB}.MinSizeRel|x64.ActiveCfg = MinSizeRel|x64
		{AAA5EBD6-C332-3BD5-8C50-74AB08E57CBB}.MinSizeRel|x64.Build.0 = MinSizeRel|x64
		{AAA5EBD6-C332-3BD5-8C50-74AB08E57CBB}.RelWithDebInfo|x64.ActiveCfg = RelWithDebInfo|x64
		{AAA5EBD6-C332-3BD5-8C50-74AB08E57CBB}.RelWithDebInfo|x64.Build.0 = RelWithDebInfo|x64
		{996F8014-C927-392E-8F8B-9454A88C0C26}.Debug|x64.ActiveCfg = Debug|x64
		{996F8014-C927-392E-8F8B-9454A88C0C26}.Debug|x64.Build.0 = Debug|x64
		{996F8014-C927-392E-8F8B-9454A88C0C26}.Release|x64.ActiveCfg = Release|x64
		{996F8014-C927-392E-8F8B-9454A88C0C26}.Release|x64.Build.0 = Release|x64
		{996F8014-C927-392E-8F8B-9454A88C0C26}.MinSizeRel|x64.ActiveCfg = MinSizeRel|x64
		{996F8014-C927-392E-8F8B-9454A88C0C26}.MinSizeRel|x64.Build.0 = MinSizeRel|x64
		{996F8014-C927-392E-8F8B-9454A88C0C26}.RelWithDebInfo|x64.ActiveCfg = RelWithDebInfo|x64
		{996F8014-C927-392E-8F8B-9454A88C0C26}.RelWithDebInfo|x64.Build.0 = RelWithDebInfo|x64
		{41AD556B-2BD1-3795-A7FA-C8FC9294DD55}.Debug|x64.ActiveCfg = Debug|x64
		{41AD556B-2BD1-3795-A7FA-C8FC9294DD55}.Debug|x64.Build.0 = Debug|x64
		{41AD556B-2BD1-3795-A7FA-C8FC9294DD55}.Release|x64.ActiveCfg = Release|x64
		{41AD556B-2BD1-3795-A7FA-C8FC9294DD55}.Release|x64.Build.0 = Release|x64
		{41AD556B-2BD1-3795-A7FA-C8FC9294DD55}.MinSizeRel|x64.ActiveCfg = MinSizeRel|x64
		{41AD556B-2BD1-3795-A7FA-C8FC9294DD55}.MinSizeRel|x64.Build.0 = MinSizeRel|x64
		{41AD556B-2BD1-3795-A7FA-C8FC9294DD55}.RelWithDebInfo|x64.ActiveCfg = RelWithDebInfo|x64
		{41AD556B-2BD1-3795-A7FA-C8FC9294DD55}.RelWithDebInfo|x64.Build.0 = RelWithDebInfo|x64
	EndGlobalSection
	GlobalSection(ExtensibilityGlobals) = postSolution
		SolutionGuid = {B133B79A-D119-38E9-8986-C5AF38B01F9F}
	EndGlobalSection
	GlobalSection(ExtensibilityAddIns) = postSolution
	EndGlobalSection
EndGlobal
